// !$*UTF8*$!
{
	archiveVersion = 1;
	classes = {
	};
	objectVersion = 51;
	objects = {

/* Begin PBXBuildFile section */
		48096D392311E796007FF518 /* AppDelegate.swift in Sources */ = {isa = PBXBuildFile; fileRef = 48096D382311E796007FF518 /* AppDelegate.swift */; };
		48096D3B2311E796007FF518 /* MainController.swift in Sources */ = {isa = PBXBuildFile; fileRef = 48096D3A2311E796007FF518 /* MainController.swift */; };
		48096D3E2311E796007FF518 /* Main.storyboard in Resources */ = {isa = PBXBuildFile; fileRef = 48096D3C2311E796007FF518 /* Main.storyboard */; };
		48096D412311E796007FF518 /* BitFlip.xcdatamodeld in Sources */ = {isa = PBXBuildFile; fileRef = 48096D3F2311E796007FF518 /* BitFlip.xcdatamodeld */; };
		48096D432311E796007FF518 /* Assets.xcassets in Resources */ = {isa = PBXBuildFile; fileRef = 48096D422311E796007FF518 /* Assets.xcassets */; };
		48096D462311E796007FF518 /* LaunchScreen.storyboard in Resources */ = {isa = PBXBuildFile; fileRef = 48096D442311E796007FF518 /* LaunchScreen.storyboard */; };
		48096D512311E796007FF518 /* BitFlipTests.swift in Sources */ = {isa = PBXBuildFile; fileRef = 48096D502311E796007FF518 /* BitFlipTests.swift */; };
		48096D632311E83B007FF518 /* GraphController.swift in Sources */ = {isa = PBXBuildFile; fileRef = 48096D612311E83B007FF518 /* GraphController.swift */; };
		48096D642311E83B007FF518 /* GraphController.xib in Resources */ = {isa = PBXBuildFile; fileRef = 48096D622311E83B007FF518 /* GraphController.xib */; };
		48096D672311E845007FF518 /* GameController.swift in Sources */ = {isa = PBXBuildFile; fileRef = 48096D652311E845007FF518 /* GameController.swift */; };
		48096D682311E845007FF518 /* GameController.xib in Resources */ = {isa = PBXBuildFile; fileRef = 48096D662311E845007FF518 /* GameController.xib */; };
		48096D6C2311E855007FF518 /* HistoryController.swift in Sources */ = {isa = PBXBuildFile; fileRef = 48096D6A2311E855007FF518 /* HistoryController.swift */; };
		48096D6D2311E855007FF518 /* HistoryController.xib in Resources */ = {isa = PBXBuildFile; fileRef = 48096D6B2311E855007FF518 /* HistoryController.xib */; };
		481338A92314D06A000C0EAF /* BarChart.swift in Sources */ = {isa = PBXBuildFile; fileRef = 481338A82314D06A000C0EAF /* BarChart.swift */; };
		481338AB231625E3000C0EAF /* PageViewController.swift in Sources */ = {isa = PBXBuildFile; fileRef = 481338AA231625E3000C0EAF /* PageViewController.swift */; };
		48561D672311F69A008E589B /* Flip+CoreDataClass.swift in Sources */ = {isa = PBXBuildFile; fileRef = 48561D632311F69A008E589B /* Flip+CoreDataClass.swift */; };
		48561D682311F69A008E589B /* Flip+CoreDataProperties.swift in Sources */ = {isa = PBXBuildFile; fileRef = 48561D642311F69A008E589B /* Flip+CoreDataProperties.swift */; };
		48561D692311F69A008E589B /* Prob+CoreDataClass.swift in Sources */ = {isa = PBXBuildFile; fileRef = 48561D652311F69A008E589B /* Prob+CoreDataClass.swift */; };
		48561D6A2311F69A008E589B /* Prob+CoreDataProperties.swift in Sources */ = {isa = PBXBuildFile; fileRef = 48561D662311F69A008E589B /* Prob+CoreDataProperties.swift */; };
		48561D6D2311FA05008E589B /* FlipSystem.swift in Sources */ = {isa = PBXBuildFile; fileRef = 48561D6C2311FA05008E589B /* FlipSystem.swift */; };
		48E83A382311F3E400D07DA5 /* CoreDataManager.swift in Sources */ = {isa = PBXBuildFile; fileRef = 48E83A372311F3E400D07DA5 /* CoreDataManager.swift */; };
		DBC871A69ADD6C314FE91BAE /* Pods_BitFlip.framework in Frameworks */ = {isa = PBXBuildFile; fileRef = B3824511F81A8F178F28E1E1 /* Pods_BitFlip.framework */; };
		ED135AD684E8B0EFE453FB0E /* Pods_BitFlipTests.framework in Frameworks */ = {isa = PBXBuildFile; fileRef = B779EB21B30B96015376688B /* Pods_BitFlipTests.framework */; };
/* End PBXBuildFile section */

/* Begin PBXContainerItemProxy section */
		48096D4D2311E796007FF518 /* PBXContainerItemProxy */ = {
			isa = PBXContainerItemProxy;
			containerPortal = 48096D2D2311E796007FF518 /* Project object */;
			proxyType = 1;
			remoteGlobalIDString = 48096D342311E796007FF518;
			remoteInfo = BitFlip;
		};
/* End PBXContainerItemProxy section */

/* Begin PBXFileReference section */
		02F6519549882A6D2B5D5D5D /* Pods-BitFlipTests.debug.xcconfig */ = {isa = PBXFileReference; includeInIndex = 1; lastKnownFileType = text.xcconfig; name = "Pods-BitFlipTests.debug.xcconfig"; path = "Target Support Files/Pods-BitFlipTests/Pods-BitFlipTests.debug.xcconfig"; sourceTree = "<group>"; };
		1B5EF37E6FBF51C9A156D858 /* Pods-BitFlip.debug.xcconfig */ = {isa = PBXFileReference; includeInIndex = 1; lastKnownFileType = text.xcconfig; name = "Pods-BitFlip.debug.xcconfig"; path = "Target Support Files/Pods-BitFlip/Pods-BitFlip.debug.xcconfig"; sourceTree = "<group>"; };
		433C75EA4865167EA64E7F76 /* Pods-BitFlip.release.xcconfig */ = {isa = PBXFileReference; includeInIndex = 1; lastKnownFileType = text.xcconfig; name = "Pods-BitFlip.release.xcconfig"; path = "Target Support Files/Pods-BitFlip/Pods-BitFlip.release.xcconfig"; sourceTree = "<group>"; };
		48096D352311E796007FF518 /* BitFlip.app */ = {isa = PBXFileReference; explicitFileType = wrapper.application; includeInIndex = 0; path = BitFlip.app; sourceTree = BUILT_PRODUCTS_DIR; };
		48096D382311E796007FF518 /* AppDelegate.swift */ = {isa = PBXFileReference; lastKnownFileType = sourcecode.swift; path = AppDelegate.swift; sourceTree = "<group>"; };
		48096D3A2311E796007FF518 /* MainController.swift */ = {isa = PBXFileReference; lastKnownFileType = sourcecode.swift; path = MainController.swift; sourceTree = "<group>"; };
		48096D3D2311E796007FF518 /* Base */ = {isa = PBXFileReference; lastKnownFileType = file.storyboard; name = Base; path = Base.lproj/Main.storyboard; sourceTree = "<group>"; };
		48096D402311E796007FF518 /* BitFlip.xcdatamodel */ = {isa = PBXFileReference; lastKnownFileType = wrapper.xcdatamodel; path = BitFlip.xcdatamodel; sourceTree = "<group>"; };
		48096D422311E796007FF518 /* Assets.xcassets */ = {isa = PBXFileReference; lastKnownFileType = folder.assetcatalog; path = Assets.xcassets; sourceTree = "<group>"; };
		48096D452311E796007FF518 /* Base */ = {isa = PBXFileReference; lastKnownFileType = file.storyboard; name = Base; path = Base.lproj/LaunchScreen.storyboard; sourceTree = "<group>"; };
		48096D472311E796007FF518 /* Info.plist */ = {isa = PBXFileReference; lastKnownFileType = text.plist.xml; path = Info.plist; sourceTree = "<group>"; };
		48096D4C2311E796007FF518 /* BitFlipTests.xctest */ = {isa = PBXFileReference; explicitFileType = wrapper.cfbundle; includeInIndex = 0; path = BitFlipTests.xctest; sourceTree = BUILT_PRODUCTS_DIR; };
		48096D502311E796007FF518 /* BitFlipTests.swift */ = {isa = PBXFileReference; lastKnownFileType = sourcecode.swift; path = BitFlipTests.swift; sourceTree = "<group>"; };
		48096D522311E796007FF518 /* Info.plist */ = {isa = PBXFileReference; lastKnownFileType = text.plist.xml; path = Info.plist; sourceTree = "<group>"; };
		48096D612311E83B007FF518 /* GraphController.swift */ = {isa = PBXFileReference; lastKnownFileType = sourcecode.swift; path = GraphController.swift; sourceTree = "<group>"; };
		48096D622311E83B007FF518 /* GraphController.xib */ = {isa = PBXFileReference; lastKnownFileType = file.xib; path = GraphController.xib; sourceTree = "<group>"; };
		48096D652311E845007FF518 /* GameController.swift */ = {isa = PBXFileReference; lastKnownFileType = sourcecode.swift; path = GameController.swift; sourceTree = "<group>"; };
		48096D662311E845007FF518 /* GameController.xib */ = {isa = PBXFileReference; lastKnownFileType = file.xib; path = GameController.xib; sourceTree = "<group>"; };
		48096D6A2311E855007FF518 /* HistoryController.swift */ = {isa = PBXFileReference; lastKnownFileType = sourcecode.swift; path = HistoryController.swift; sourceTree = "<group>"; };
		48096D6B2311E855007FF518 /* HistoryController.xib */ = {isa = PBXFileReference; lastKnownFileType = file.xib; path = HistoryController.xib; sourceTree = "<group>"; };
		481338A82314D06A000C0EAF /* BarChart.swift */ = {isa = PBXFileReference; lastKnownFileType = sourcecode.swift; path = BarChart.swift; sourceTree = "<group>"; };
		481338AA231625E3000C0EAF /* PageViewController.swift */ = {isa = PBXFileReference; lastKnownFileType = sourcecode.swift; path = PageViewController.swift; sourceTree = "<group>"; };
		48561D632311F69A008E589B /* Flip+CoreDataClass.swift */ = {isa = PBXFileReference; lastKnownFileType = sourcecode.swift; path = "Flip+CoreDataClass.swift"; sourceTree = "<group>"; };
		48561D642311F69A008E589B /* Flip+CoreDataProperties.swift */ = {isa = PBXFileReference; lastKnownFileType = sourcecode.swift; path = "Flip+CoreDataProperties.swift"; sourceTree = "<group>"; };
		48561D652311F69A008E589B /* Prob+CoreDataClass.swift */ = {isa = PBXFileReference; lastKnownFileType = sourcecode.swift; path = "Prob+CoreDataClass.swift"; sourceTree = "<group>"; };
		48561D662311F69A008E589B /* Prob+CoreDataProperties.swift */ = {isa = PBXFileReference; lastKnownFileType = sourcecode.swift; path = "Prob+CoreDataProperties.swift"; sourceTree = "<group>"; };
		48561D6C2311FA05008E589B /* FlipSystem.swift */ = {isa = PBXFileReference; lastKnownFileType = sourcecode.swift; path = FlipSystem.swift; sourceTree = "<group>"; };
		48E83A372311F3E400D07DA5 /* CoreDataManager.swift */ = {isa = PBXFileReference; lastKnownFileType = sourcecode.swift; path = CoreDataManager.swift; sourceTree = "<group>"; };
		66A0124BED005361AB0D1D8C /* Pods-BitFlipTests.release.xcconfig */ = {isa = PBXFileReference; includeInIndex = 1; lastKnownFileType = text.xcconfig; name = "Pods-BitFlipTests.release.xcconfig"; path = "Target Support Files/Pods-BitFlipTests/Pods-BitFlipTests.release.xcconfig"; sourceTree = "<group>"; };
		B3824511F81A8F178F28E1E1 /* Pods_BitFlip.framework */ = {isa = PBXFileReference; explicitFileType = wrapper.framework; includeInIndex = 0; path = Pods_BitFlip.framework; sourceTree = BUILT_PRODUCTS_DIR; };
		B779EB21B30B96015376688B /* Pods_BitFlipTests.framework */ = {isa = PBXFileReference; explicitFileType = wrapper.framework; includeInIndex = 0; path = Pods_BitFlipTests.framework; sourceTree = BUILT_PRODUCTS_DIR; };
/* End PBXFileReference section */

/* Begin PBXFrameworksBuildPhase section */
		48096D322311E796007FF518 /* Frameworks */ = {
			isa = PBXFrameworksBuildPhase;
			buildActionMask = 2147483647;
			files = (
				DBC871A69ADD6C314FE91BAE /* Pods_BitFlip.framework in Frameworks */,
			);
			runOnlyForDeploymentPostprocessing = 0;
		};
		48096D492311E796007FF518 /* Frameworks */ = {
			isa = PBXFrameworksBuildPhase;
			buildActionMask = 2147483647;
			files = (
				ED135AD684E8B0EFE453FB0E /* Pods_BitFlipTests.framework in Frameworks */,
			);
			runOnlyForDeploymentPostprocessing = 0;
		};
/* End PBXFrameworksBuildPhase section */

/* Begin PBXGroup section */
		244300A0D1BF471C85BFAEC4 /* Frameworks */ = {
			isa = PBXGroup;
			children = (
				B3824511F81A8F178F28E1E1 /* Pods_BitFlip.framework */,
				B779EB21B30B96015376688B /* Pods_BitFlipTests.framework */,
			);
			name = Frameworks;
			sourceTree = "<group>";
		};
		48096D2C2311E796007FF518 = {
			isa = PBXGroup;
			children = (
				48096D372311E796007FF518 /* BitFlip */,
				48096D4F2311E796007FF518 /* BitFlipTests */,
				48096D362311E796007FF518 /* Products */,
				8CA6F4D9531F767532F64C61 /* Pods */,
				244300A0D1BF471C85BFAEC4 /* Frameworks */,
			);
			sourceTree = "<group>";
		};
		48096D362311E796007FF518 /* Products */ = {
			isa = PBXGroup;
			children = (
				48096D352311E796007FF518 /* BitFlip.app */,
				48096D4C2311E796007FF518 /* BitFlipTests.xctest */,
			);
			name = Products;
			sourceTree = "<group>";
		};
		48096D372311E796007FF518 /* BitFlip */ = {
			isa = PBXGroup;
			children = (
				48561D6B2311F998008E589B /* GameEngine */,
				48096D602311E829007FF518 /* Assets */,
				48096D5F2311E81C007FF518 /* Model */,
				48096D5E2311E813007FF518 /* History */,
				48096D5D2311E811007FF518 /* Game */,
				48096D5C2311E80D007FF518 /* CoreData */,
				48096D5B2311E807007FF518 /* Graph */,
				48096D472311E796007FF518 /* Info.plist */,
			);
			path = BitFlip;
			sourceTree = "<group>";
		};
		48096D4F2311E796007FF518 /* BitFlipTests */ = {
			isa = PBXGroup;
			children = (
				48096D502311E796007FF518 /* BitFlipTests.swift */,
				48096D522311E796007FF518 /* Info.plist */,
			);
			path = BitFlipTests;
			sourceTree = "<group>";
		};
		48096D5B2311E807007FF518 /* Graph */ = {
			isa = PBXGroup;
			children = (
				48096D612311E83B007FF518 /* GraphController.swift */,
				48096D622311E83B007FF518 /* GraphController.xib */,
				481338A82314D06A000C0EAF /* BarChart.swift */,
			);
			path = Graph;
			sourceTree = "<group>";
		};
		48096D5C2311E80D007FF518 /* CoreData */ = {
			isa = PBXGroup;
			children = (
				48561D632311F69A008E589B /* Flip+CoreDataClass.swift */,
				48561D642311F69A008E589B /* Flip+CoreDataProperties.swift */,
				48561D652311F69A008E589B /* Prob+CoreDataClass.swift */,
				48561D662311F69A008E589B /* Prob+CoreDataProperties.swift */,
				48E83A372311F3E400D07DA5 /* CoreDataManager.swift */,
				48096D3F2311E796007FF518 /* BitFlip.xcdatamodeld */,
			);
			path = CoreData;
			sourceTree = "<group>";
		};
		48096D5D2311E811007FF518 /* Game */ = {
			isa = PBXGroup;
			children = (
				48096D652311E845007FF518 /* GameController.swift */,
				48096D662311E845007FF518 /* GameController.xib */,
			);
			path = Game;
			sourceTree = "<group>";
		};
		48096D5E2311E813007FF518 /* History */ = {
			isa = PBXGroup;
			children = (
				48096D6A2311E855007FF518 /* HistoryController.swift */,
				48096D6B2311E855007FF518 /* HistoryController.xib */,
			);
			path = History;
			sourceTree = "<group>";
		};
		48096D5F2311E81C007FF518 /* Model */ = {
			isa = PBXGroup;
			children = (
				48096D3A2311E796007FF518 /* MainController.swift */,
				481338AA231625E3000C0EAF /* PageViewController.swift */,
				48096D382311E796007FF518 /* AppDelegate.swift */,
				48096D3C2311E796007FF518 /* Main.storyboard */,
				48096D442311E796007FF518 /* LaunchScreen.storyboard */,
			);
			path = Model;
			sourceTree = "<group>";
		};
		48096D602311E829007FF518 /* Assets */ = {
			isa = PBXGroup;
			children = (
				48096D422311E796007FF518 /* Assets.xcassets */,
			);
			path = Assets;
			sourceTree = "<group>";
		};
		48561D6B2311F998008E589B /* GameEngine */ = {
			isa = PBXGroup;
			children = (
				48561D6C2311FA05008E589B /* FlipSystem.swift */,
			);
			path = GameEngine;
			sourceTree = "<group>";
		};
		8CA6F4D9531F767532F64C61 /* Pods */ = {
			isa = PBXGroup;
			children = (
				1B5EF37E6FBF51C9A156D858 /* Pods-BitFlip.debug.xcconfig */,
				433C75EA4865167EA64E7F76 /* Pods-BitFlip.release.xcconfig */,
				02F6519549882A6D2B5D5D5D /* Pods-BitFlipTests.debug.xcconfig */,
				66A0124BED005361AB0D1D8C /* Pods-BitFlipTests.release.xcconfig */,
			);
			path = Pods;
			sourceTree = "<group>";
		};
/* End PBXGroup section */

/* Begin PBXNativeTarget section */
		48096D342311E796007FF518 /* BitFlip */ = {
			isa = PBXNativeTarget;
			buildConfigurationList = 48096D552311E796007FF518 /* Build configuration list for PBXNativeTarget "BitFlip" */;
			buildPhases = (
				9077B0A49D0F9E3D17A5A0EF /* [CP] Check Pods Manifest.lock */,
				48096D312311E796007FF518 /* Sources */,
				48096D322311E796007FF518 /* Frameworks */,
				48096D332311E796007FF518 /* Resources */,
				665869D469B505F8C7DBF3FE /* [CP] Embed Pods Frameworks */,
			);
			buildRules = (
			);
			dependencies = (
			);
			name = BitFlip;
			productName = BitFlip;
			productReference = 48096D352311E796007FF518 /* BitFlip.app */;
			productType = "com.apple.product-type.application";
		};
		48096D4B2311E796007FF518 /* BitFlipTests */ = {
			isa = PBXNativeTarget;
			buildConfigurationList = 48096D582311E796007FF518 /* Build configuration list for PBXNativeTarget "BitFlipTests" */;
			buildPhases = (
				F0C356FB9C64CF27F0E8F5C3 /* [CP] Check Pods Manifest.lock */,
				48096D482311E796007FF518 /* Sources */,
				48096D492311E796007FF518 /* Frameworks */,
				48096D4A2311E796007FF518 /* Resources */,
			);
			buildRules = (
			);
			dependencies = (
				48096D4E2311E796007FF518 /* PBXTargetDependency */,
			);
			name = BitFlipTests;
			productName = BitFlipTests;
			productReference = 48096D4C2311E796007FF518 /* BitFlipTests.xctest */;
			productType = "com.apple.product-type.bundle.unit-test";
		};
/* End PBXNativeTarget section */

/* Begin PBXProject section */
		48096D2D2311E796007FF518 /* Project object */ = {
			isa = PBXProject;
			attributes = {
				LastSwiftUpdateCheck = 1020;
				LastUpgradeCheck = 1020;
				ORGANIZATIONNAME = Lengjai;
				TargetAttributes = {
					48096D342311E796007FF518 = {
						CreatedOnToolsVersion = 10.2.1;
					};
					48096D4B2311E796007FF518 = {
						CreatedOnToolsVersion = 10.2.1;
						TestTargetID = 48096D342311E796007FF518;
					};
				};
			};
			buildConfigurationList = 48096D302311E796007FF518 /* Build configuration list for PBXProject "BitFlip" */;
			compatibilityVersion = "Xcode 9.3";
			developmentRegion = en;
			hasScannedForEncodings = 0;
			knownRegions = (
				en,
				Base,
			);
			mainGroup = 48096D2C2311E796007FF518;
			productRefGroup = 48096D362311E796007FF518 /* Products */;
			projectDirPath = "";
			projectRoot = "";
			targets = (
				48096D342311E796007FF518 /* BitFlip */,
				48096D4B2311E796007FF518 /* BitFlipTests */,
			);
		};
/* End PBXProject section */

/* Begin PBXResourcesBuildPhase section */
		48096D332311E796007FF518 /* Resources */ = {
			isa = PBXResourcesBuildPhase;
			buildActionMask = 2147483647;
			files = (
				48096D6D2311E855007FF518 /* HistoryController.xib in Resources */,
				48096D682311E845007FF518 /* GameController.xib in Resources */,
				48096D462311E796007FF518 /* LaunchScreen.storyboard in Resources */,
				48096D432311E796007FF518 /* Assets.xcassets in Resources */,
				48096D642311E83B007FF518 /* GraphController.xib in Resources */,
				48096D3E2311E796007FF518 /* Main.storyboard in Resources */,
			);
			runOnlyForDeploymentPostprocessing = 0;
		};
		48096D4A2311E796007FF518 /* Resources */ = {
			isa = PBXResourcesBuildPhase;
			buildActionMask = 2147483647;
			files = (
			);
			runOnlyForDeploymentPostprocessing = 0;
		};
/* End PBXResourcesBuildPhase section */

/* Begin PBXShellScriptBuildPhase section */
		665869D469B505F8C7DBF3FE /* [CP] Embed Pods Frameworks */ = {
			isa = PBXShellScriptBuildPhase;
			buildActionMask = 2147483647;
			files = (
			);
			inputFileListPaths = (
				"${PODS_ROOT}/Target Support Files/Pods-BitFlip/Pods-BitFlip-frameworks-${CONFIGURATION}-input-files.xcfilelist",
			);
			name = "[CP] Embed Pods Frameworks";
			outputFileListPaths = (
				"${PODS_ROOT}/Target Support Files/Pods-BitFlip/Pods-BitFlip-frameworks-${CONFIGURATION}-output-files.xcfilelist",
			);
			runOnlyForDeploymentPostprocessing = 0;
			shellPath = /bin/sh;
			shellScript = "\"${PODS_ROOT}/Target Support Files/Pods-BitFlip/Pods-BitFlip-frameworks.sh\"\n";
			showEnvVarsInLog = 0;
		};
		9077B0A49D0F9E3D17A5A0EF /* [CP] Check Pods Manifest.lock */ = {
			isa = PBXShellScriptBuildPhase;
			buildActionMask = 2147483647;
			files = (
			);
			inputFileListPaths = (
			);
			inputPaths = (
				"${PODS_PODFILE_DIR_PATH}/Podfile.lock",
				"${PODS_ROOT}/Manifest.lock",
			);
			name = "[CP] Check Pods Manifest.lock";
			outputFileListPaths = (
			);
			outputPaths = (
				"$(DERIVED_FILE_DIR)/Pods-BitFlip-checkManifestLockResult.txt",
			);
			runOnlyForDeploymentPostprocessing = 0;
			shellPath = /bin/sh;
			shellScript = "diff \"${PODS_PODFILE_DIR_PATH}/Podfile.lock\" \"${PODS_ROOT}/Manifest.lock\" > /dev/null\nif [ $? != 0 ] ; then\n    # print error to STDERR\n    echo \"error: The sandbox is not in sync with the Podfile.lock. Run 'pod install' or update your CocoaPods installation.\" >&2\n    exit 1\nfi\n# This output is used by Xcode 'outputs' to avoid re-running this script phase.\necho \"SUCCESS\" > \"${SCRIPT_OUTPUT_FILE_0}\"\n";
			showEnvVarsInLog = 0;
		};
		F0C356FB9C64CF27F0E8F5C3 /* [CP] Check Pods Manifest.lock */ = {
			isa = PBXShellScriptBuildPhase;
			buildActionMask = 2147483647;
			files = (
			);
			inputFileListPaths = (
			);
			inputPaths = (
				"${PODS_PODFILE_DIR_PATH}/Podfile.lock",
				"${PODS_ROOT}/Manifest.lock",
			);
			name = "[CP] Check Pods Manifest.lock";
			outputFileListPaths = (
			);
			outputPaths = (
				"$(DERIVED_FILE_DIR)/Pods-BitFlipTests-checkManifestLockResult.txt",
			);
			runOnlyForDeploymentPostprocessing = 0;
			shellPath = /bin/sh;
			shellScript = "diff \"${PODS_PODFILE_DIR_PATH}/Podfile.lock\" \"${PODS_ROOT}/Manifest.lock\" > /dev/null\nif [ $? != 0 ] ; then\n    # print error to STDERR\n    echo \"error: The sandbox is not in sync with the Podfile.lock. Run 'pod install' or update your CocoaPods installation.\" >&2\n    exit 1\nfi\n# This output is used by Xcode 'outputs' to avoid re-running this script phase.\necho \"SUCCESS\" > \"${SCRIPT_OUTPUT_FILE_0}\"\n";
			showEnvVarsInLog = 0;
		};
/* End PBXShellScriptBuildPhase section */

/* Begin PBXSourcesBuildPhase section */
		48096D312311E796007FF518 /* Sources */ = {
			isa = PBXSourcesBuildPhase;
			buildActionMask = 2147483647;
			files = (
				48561D6A2311F69A008E589B /* Prob+CoreDataProperties.swift in Sources */,
				481338AB231625E3000C0EAF /* PageViewController.swift in Sources */,
				48096D412311E796007FF518 /* BitFlip.xcdatamodeld in Sources */,
				48096D672311E845007FF518 /* GameController.swift in Sources */,
				48561D6D2311FA05008E589B /* FlipSystem.swift in Sources */,
				48561D672311F69A008E589B /* Flip+CoreDataClass.swift in Sources */,
				48096D3B2311E796007FF518 /* MainController.swift in Sources */,
				48561D692311F69A008E589B /* Prob+CoreDataClass.swift in Sources */,
				481338A92314D06A000C0EAF /* BarChart.swift in Sources */,
				48096D632311E83B007FF518 /* GraphController.swift in Sources */,
				48561D682311F69A008E589B /* Flip+CoreDataProperties.swift in Sources */,
				48096D6C2311E855007FF518 /* HistoryController.swift in Sources */,
				48096D392311E796007FF518 /* AppDelegate.swift in Sources */,
				48E83A382311F3E400D07DA5 /* CoreDataManager.swift in Sources */,
			);
			runOnlyForDeploymentPostprocessing = 0;
		};
		48096D482311E796007FF518 /* Sources */ = {
			isa = PBXSourcesBuildPhase;
			buildActionMask = 2147483647;
			files = (
				48096D512311E796007FF518 /* BitFlipTests.swift in Sources */,
			);
			runOnlyForDeploymentPostprocessing = 0;
		};
/* End PBXSourcesBuildPhase section */

/* Begin PBXTargetDependency section */
		48096D4E2311E796007FF518 /* PBXTargetDependency */ = {
			isa = PBXTargetDependency;
			target = 48096D342311E796007FF518 /* BitFlip */;
			targetProxy = 48096D4D2311E796007FF518 /* PBXContainerItemProxy */;
		};
/* End PBXTargetDependency section */

/* Begin PBXVariantGroup section */
		48096D3C2311E796007FF518 /* Main.storyboard */ = {
			isa = PBXVariantGroup;
			children = (
				48096D3D2311E796007FF518 /* Base */,
			);
			name = Main.storyboard;
			sourceTree = "<group>";
		};
		48096D442311E796007FF518 /* LaunchScreen.storyboard */ = {
			isa = PBXVariantGroup;
			children = (
				48096D452311E796007FF518 /* Base */,
			);
			name = LaunchScreen.storyboard;
			sourceTree = "<group>";
		};
/* End PBXVariantGroup section */

/* Begin XCBuildConfiguration section */
		48096D532311E796007FF518 /* Debug */ = {
			isa = XCBuildConfiguration;
			buildSettings = {
				ALWAYS_SEARCH_USER_PATHS = NO;
				CLANG_ANALYZER_NONNULL = YES;
				CLANG_ANALYZER_NUMBER_OBJECT_CONVERSION = YES_AGGRESSIVE;
				CLANG_CXX_LANGUAGE_STANDARD = "gnu++14";
				CLANG_CXX_LIBRARY = "libc++";
				CLANG_ENABLE_MODULES = YES;
				CLANG_ENABLE_OBJC_ARC = YES;
				CLANG_ENABLE_OBJC_WEAK = YES;
				CLANG_WARN_BLOCK_CAPTURE_AUTORELEASING = YES;
				CLANG_WARN_BOOL_CONVERSION = YES;
				CLANG_WARN_COMMA = YES;
				CLANG_WARN_CONSTANT_CONVERSION = YES;
				CLANG_WARN_DEPRECATED_OBJC_IMPLEMENTATIONS = YES;
				CLANG_WARN_DIRECT_OBJC_ISA_USAGE = YES_ERROR;
				CLANG_WARN_DOCUMENTATION_COMMENTS = YES;
				CLANG_WARN_EMPTY_BODY = YES;
				CLANG_WARN_ENUM_CONVERSION = YES;
				CLANG_WARN_INFINITE_RECURSION = YES;
				CLANG_WARN_INT_CONVERSION = YES;
				CLANG_WARN_NON_LITERAL_NULL_CONVERSION = YES;
				CLANG_WARN_OBJC_IMPLICIT_RETAIN_SELF = YES;
				CLANG_WARN_OBJC_LITERAL_CONVERSION = YES;
				CLANG_WARN_OBJC_ROOT_CLASS = YES_ERROR;
				CLANG_WARN_RANGE_LOOP_ANALYSIS = YES;
				CLANG_WARN_STRICT_PROTOTYPES = YES;
				CLANG_WARN_SUSPICIOUS_MOVE = YES;
				CLANG_WARN_UNGUARDED_AVAILABILITY = YES_AGGRESSIVE;
				CLANG_WARN_UNREACHABLE_CODE = YES;
				CLANG_WARN__DUPLICATE_METHOD_MATCH = YES;
				CODE_SIGN_IDENTITY = "iPhone Developer";
				COPY_PHASE_STRIP = NO;
				DEBUG_INFORMATION_FORMAT = dwarf;
				ENABLE_STRICT_OBJC_MSGSEND = YES;
				ENABLE_TESTABILITY = YES;
				GCC_C_LANGUAGE_STANDARD = gnu11;
				GCC_DYNAMIC_NO_PIC = NO;
				GCC_NO_COMMON_BLOCKS = YES;
				GCC_OPTIMIZATION_LEVEL = 0;
				GCC_PREPROCESSOR_DEFINITIONS = (
					"DEBUG=1",
					"$(inherited)",
				);
				GCC_WARN_64_TO_32_BIT_CONVERSION = YES;
				GCC_WARN_ABOUT_RETURN_TYPE = YES_ERROR;
				GCC_WARN_UNDECLARED_SELECTOR = YES;
				GCC_WARN_UNINITIALIZED_AUTOS = YES_AGGRESSIVE;
				GCC_WARN_UNUSED_FUNCTION = YES;
				GCC_WARN_UNUSED_VARIABLE = YES;
				IPHONEOS_DEPLOYMENT_TARGET = 12.2;
				MTL_ENABLE_DEBUG_INFO = INCLUDE_SOURCE;
				MTL_FAST_MATH = YES;
				ONLY_ACTIVE_ARCH = YES;
				SDKROOT = iphoneos;
				SWIFT_ACTIVE_COMPILATION_CONDITIONS = DEBUG;
				SWIFT_OPTIMIZATION_LEVEL = "-Onone";
			};
			name = Debug;
		};
		48096D542311E796007FF518 /* Release */ = {
			isa = XCBuildConfiguration;
			buildSettings = {
				ALWAYS_SEARCH_USER_PATHS = NO;
				CLANG_ANALYZER_NONNULL = YES;
				CLANG_ANALYZER_NUMBER_OBJECT_CONVERSION = YES_AGGRESSIVE;
				CLANG_CXX_LANGUAGE_STANDARD = "gnu++14";
				CLANG_CXX_LIBRARY = "libc++";
				CLANG_ENABLE_MODULES = YES;
				CLANG_ENABLE_OBJC_ARC = YES;
				CLANG_ENABLE_OBJC_WEAK = YES;
				CLANG_WARN_BLOCK_CAPTURE_AUTORELEASING = YES;
				CLANG_WARN_BOOL_CONVERSION = YES;
				CLANG_WARN_COMMA = YES;
				CLANG_WARN_CONSTANT_CONVERSION = YES;
				CLANG_WARN_DEPRECATED_OBJC_IMPLEMENTATIONS = YES;
				CLANG_WARN_DIRECT_OBJC_ISA_USAGE = YES_ERROR;
				CLANG_WARN_DOCUMENTATION_COMMENTS = YES;
				CLANG_WARN_EMPTY_BODY = YES;
				CLANG_WARN_ENUM_CONVERSION = YES;
				CLANG_WARN_INFINITE_RECURSION = YES;
				CLANG_WARN_INT_CONVERSION = YES;
				CLANG_WARN_NON_LITERAL_NULL_CONVERSION = YES;
				CLANG_WARN_OBJC_IMPLICIT_RETAIN_SELF = YES;
				CLANG_WARN_OBJC_LITERAL_CONVERSION = YES;
				CLANG_WARN_OBJC_ROOT_CLASS = YES_ERROR;
				CLANG_WARN_RANGE_LOOP_ANALYSIS = YES;
				CLANG_WARN_STRICT_PROTOTYPES = YES;
				CLANG_WARN_SUSPICIOUS_MOVE = YES;
				CLANG_WARN_UNGUARDED_AVAILABILITY = YES_AGGRESSIVE;
				CLANG_WARN_UNREACHABLE_CODE = YES;
				CLANG_WARN__DUPLICATE_METHOD_MATCH = YES;
				CODE_SIGN_IDENTITY = "iPhone Developer";
				COPY_PHASE_STRIP = NO;
				DEBUG_INFORMATION_FORMAT = "dwarf-with-dsym";
				ENABLE_NS_ASSERTIONS = NO;
				ENABLE_STRICT_OBJC_MSGSEND = YES;
				GCC_C_LANGUAGE_STANDARD = gnu11;
				GCC_NO_COMMON_BLOCKS = YES;
				GCC_WARN_64_TO_32_BIT_CONVERSION = YES;
				GCC_WARN_ABOUT_RETURN_TYPE = YES_ERROR;
				GCC_WARN_UNDECLARED_SELECTOR = YES;
				GCC_WARN_UNINITIALIZED_AUTOS = YES_AGGRESSIVE;
				GCC_WARN_UNUSED_FUNCTION = YES;
				GCC_WARN_UNUSED_VARIABLE = YES;
				IPHONEOS_DEPLOYMENT_TARGET = 12.2;
				MTL_ENABLE_DEBUG_INFO = NO;
				MTL_FAST_MATH = YES;
				SDKROOT = iphoneos;
				SWIFT_COMPILATION_MODE = wholemodule;
				SWIFT_OPTIMIZATION_LEVEL = "-O";
				VALIDATE_PRODUCT = YES;
			};
			name = Release;
		};
		48096D562311E796007FF518 /* Debug */ = {
			isa = XCBuildConfiguration;
			baseConfigurationReference = 1B5EF37E6FBF51C9A156D858 /* Pods-BitFlip.debug.xcconfig */;
			buildSettings = {
				ASSETCATALOG_COMPILER_APPICON_NAME = AppIcon;
				CODE_SIGN_STYLE = Automatic;
				DEVELOPMENT_TEAM = 6A44MN66D8;
				INFOPLIST_FILE = BitFlip/Info.plist;
				LD_RUNPATH_SEARCH_PATHS = (
					"$(inherited)",
					"@executable_path/Frameworks",
				);
				PRODUCT_BUNDLE_IDENTIFIER = com.example.BitFlip;
				PRODUCT_NAME = "$(TARGET_NAME)";
				SWIFT_VERSION = 5.0;
				TARGETED_DEVICE_FAMILY = "1,2";
			};
			name = Debug;
		};
		48096D572311E796007FF518 /* Release */ = {
			isa = XCBuildConfiguration;
			baseConfigurationReference = 433C75EA4865167EA64E7F76 /* Pods-BitFlip.release.xcconfig */;
			buildSettings = {
				ASSETCATALOG_COMPILER_APPICON_NAME = AppIcon;
				CODE_SIGN_STYLE = Automatic;
				DEVELOPMENT_TEAM = 6A44MN66D8;
				INFOPLIST_FILE = BitFlip/Info.plist;
				LD_RUNPATH_SEARCH_PATHS = (
					"$(inherited)",
					"@executable_path/Frameworks",
				);
				PRODUCT_BUNDLE_IDENTIFIER = com.example.BitFlip;
				PRODUCT_NAME = "$(TARGET_NAME)";
				SWIFT_VERSION = 5.0;
				TARGETED_DEVICE_FAMILY = "1,2";
			};
			name = Release;
		};
		48096D592311E796007FF518 /* Debug */ = {
			isa = XCBuildConfiguration;
			baseConfigurationReference = 02F6519549882A6D2B5D5D5D /* Pods-BitFlipTests.debug.xcconfig */;
			buildSettings = {
				ALWAYS_EMBED_SWIFT_STANDARD_LIBRARIES = YES;
				BUNDLE_LOADER = "$(TEST_HOST)";
				CODE_SIGN_STYLE = Automatic;
				DEVELOPMENT_TEAM = 6A44MN66D8;
				INFOPLIST_FILE = BitFlipTests/Info.plist;
				LD_RUNPATH_SEARCH_PATHS = (
					"$(inherited)",
					"@executable_path/Frameworks",
					"@loader_path/Frameworks",
				);
				PRODUCT_BUNDLE_IDENTIFIER = com.example.BitFlipTests;
				PRODUCT_NAME = "$(TARGET_NAME)";
				SWIFT_VERSION = 5.0;
				TARGETED_DEVICE_FAMILY = "1,2";
				TEST_HOST = "$(BUILT_PRODUCTS_DIR)/BitFlip.app/BitFlip";
			};
			name = Debug;
		};
		48096D5A2311E796007FF518 /* Release */ = {
			isa = XCBuildConfiguration;
			baseConfigurationReference = 66A0124BED005361AB0D1D8C /* Pods-BitFlipTests.release.xcconfig */;
			buildSettings = {
				ALWAYS_EMBED_SWIFT_STANDARD_LIBRARIES = YES;
				BUNDLE_LOADER = "$(TEST_HOST)";
				CODE_SIGN_STYLE = Automatic;
				DEVELOPMENT_TEAM = 6A44MN66D8;
				INFOPLIST_FILE = BitFlipTests/Info.plist;
				LD_RUNPATH_SEARCH_PATHS = (
					"$(inherited)",
					"@executable_path/Frameworks",
					"@loader_path/Frameworks",
				);
				PRODUCT_BUNDLE_IDENTIFIER = com.example.BitFlipTests;
				PRODUCT_NAME = "$(TARGET_NAME)";
				SWIFT_VERSION = 5.0;
				TARGETED_DEVICE_FAMILY = "1,2";
				TEST_HOST = "$(BUILT_PRODUCTS_DIR)/BitFlip.app/BitFlip";
			};
			name = Release;
		};
/* End XCBuildConfiguration section */

/* Begin XCConfigurationList section */
		48096D302311E796007FF518 /* Build configuration list for PBXProject "BitFlip" */ = {
			isa = XCConfigurationList;
			buildConfigurations = (
				48096D532311E796007FF518 /* Debug */,
				48096D542311E796007FF518 /* Release */,
			);
			defaultConfigurationIsVisible = 0;
			defaultConfigurationName = Release;
		};
		48096D552311E796007FF518 /* Build configuration list for PBXNativeTarget "BitFlip" */ = {
			isa = XCConfigurationList;
			buildConfigurations = (
				48096D562311E796007FF518 /* Debug */,
				48096D572311E796007FF518 /* Release */,
			);
			defaultConfigurationIsVisible = 0;
			defaultConfigurationName = Release;
		};
		48096D582311E796007FF518 /* Build configuration list for PBXNativeTarget "BitFlipTests" */ = {
			isa = XCConfigurationList;
			buildConfigurations = (
				48096D592311E796007FF518 /* Debug */,
				48096D5A2311E796007FF518 /* Release */,
			);
			defaultConfigurationIsVisible = 0;
			defaultConfigurationName = Release;
		};
/* End XCConfigurationList section */

/* Begin XCVersionGroup section */
		48096D3F2311E796007FF518 /* BitFlip.xcdatamodeld */ = {
			isa = XCVersionGroup;
			children = (
				48096D402311E796007FF518 /* BitFlip.xcdatamodel */,
			);
			currentVersion = 48096D402311E796007FF518 /* BitFlip.xcdatamodel */;
			path = BitFlip.xcdatamodeld;
			sourceTree = "<group>";
			versionGroupType = wrapper.xcdatamodel;
		};
/* End XCVersionGroup section */
	};
	rootObject = 48096D2D2311E796007FF518 /* Project object */;
}
